
Microsoft Visual Studio Solution File, Format Version 12.00
# Visual Studio Version 17
VisualStudioVersion = 17.0.31903.59
MinimumVisualStudioVersion = 10.0.40219.1
Project("{2150E333-8FDC-42A3-9474-1A3956D46DE8}") = "src", "src", "{6CA7AE9B-6571-4762-B4E8-32360B9E0147}"
EndProject
Project("{FAE04EC0-301F-11D3-BF4B-00C04F79EFBC}") = "SaveApis.Generator.EfCore", "src\SaveApis.Generator.EfCore\SaveApis.Generator.EfCore.csproj", "{EDAAF8F1-C388-4027-9E9E-BF8EACD85278}"
EndProject
Global
	GlobalSection(SolutionConfigurationPlatforms) = preSolution
		Debug|Any CPU = Debug|Any CPU
		Release|Any CPU = Release|Any CPU
	EndGlobalSection
	GlobalSection(SolutionProperties) = preSolution
		HideSolutionNode = FALSE
	EndGlobalSection
	GlobalSection(ProjectConfigurationPlatforms) = postSolution
		{EDAAF8F1-C388-4027-9E9E-BF8EACD85278}.Debug|Any CPU.ActiveCfg = Debug|Any CPU
		{EDAAF8F1-C388-4027-9E9E-BF8EACD85278}.Debug|Any CPU.Build.0 = Debug|Any CPU
		{EDAAF8F1-C388-4027-9E9E-BF8EACD85278}.Release|Any CPU.ActiveCfg = Release|Any CPU
		{EDAAF8F1-C388-4027-9E9E-BF8EACD85278}.Release|Any CPU.Build.0 = Release|Any CPU
	EndGlobalSection
	GlobalSection(NestedProjects) = preSolution
		{EDAAF8F1-C388-4027-9E9E-BF8EACD85278} = {6CA7AE9B-6571-4762-B4E8-32360B9E0147}
	EndGlobalSection
EndGlobal
